
Microsoft Visual Studio Solution File, Format Version 12.00
# Visual Studio Version 17
VisualStudioVersion = 17.14.36623.8 d17.14
MinimumVisualStudioVersion = 10.0.40219.1
Project("{FAE04EC0-301F-11D3-BF4B-00C04F79EFBC}") = "DevHabit.Api", "DevHabit.Api\DevHabit.Api.csproj", "{EC8223E8-C13D-4937-8DD6-4DB0BAEEADA1}"
EndProject
Global
	GlobalSection(SolutionConfigurationPlatforms) = preSolution
		Debug|Any CPU = Debug|Any CPU
		Release|Any CPU = Release|Any CPU
	EndGlobalSection
	GlobalSection(ProjectConfigurationPlatforms) = postSolution
		{EC8223E8-C13D-4937-8DD6-4DB0BAEEADA1}.Debug|Any CPU.ActiveCfg = Debug|Any CPU
		{EC8223E8-C13D-4937-8DD6-4DB0BAEEADA1}.Debug|Any CPU.Build.0 = Debug|Any CPU
		{EC8223E8-C13D-4937-8DD6-4DB0BAEEADA1}.Release|Any CPU.ActiveCfg = Release|Any CPU
		{EC8223E8-C13D-4937-8DD6-4DB0BAEEADA1}.Release|Any CPU.Build.0 = Release|Any CPU
	EndGlobalSection
	GlobalSection(SolutionProperties) = preSolution
		HideSolutionNode = FALSE
	EndGlobalSection
	GlobalSection(ExtensibilityGlobals) = postSolution
		SolutionGuid = {285615D1-D5C6-4FDF-B890-C9EB8C299EF5}
	EndGlobalSection
EndGlobal
